
Microsoft Visual Studio Solution File, Format Version 12.00
# Visual Studio Version 16
VisualStudioVersion = 16.0.30204.135
MinimumVisualStudioVersion = 10.0.40219.1
Project("{9A19103F-16F7-4668-BE54-9A1E7A4F7556}") = "DAL", "DAL\DAL.csproj", "{22DCAB51-6B78-40F7-8F87-89843E4D33C1}"
EndProject
Project("{9A19103F-16F7-4668-BE54-9A1E7A4F7556}") = "BLL", "BLL\BLL.csproj", "{C78BDD63-66B2-46FF-87A3-F5E9287F985B}"
EndProject
Project("{9A19103F-16F7-4668-BE54-9A1E7A4F7556}") = "MVC", "MVC\MVC.csproj", "{D72B9434-F2B7-42DF-8E1A-B78632AFD774}"
EndProject
Global
	GlobalSection(SolutionConfigurationPlatforms) = preSolution
		Debug|Any CPU = Debug|Any CPU
		Release|Any CPU = Release|Any CPU
	EndGlobalSection
	GlobalSection(ProjectConfigurationPlatforms) = postSolution
		{22DCAB51-6B78-40F7-8F87-89843E4D33C1}.Debug|Any CPU.ActiveCfg = Debug|Any CPU
		{22DCAB51-6B78-40F7-8F87-89843E4D33C1}.Debug|Any CPU.Build.0 = Debug|Any CPU
		{22DCAB51-6B78-40F7-8F87-89843E4D33C1}.Release|Any CPU.ActiveCfg = Release|Any CPU
		{22DCAB51-6B78-40F7-8F87-89843E4D33C1}.Release|Any CPU.Build.0 = Release|Any CPU
		{C78BDD63-66B2-46FF-87A3-F5E9287F985B}.Debug|Any CPU.ActiveCfg = Debug|Any CPU
		{C78BDD63-66B2-46FF-87A3-F5E9287F985B}.Debug|Any CPU.Build.0 = Debug|Any CPU
		{C78BDD63-66B2-46FF-87A3-F5E9287F985B}.Release|Any CPU.ActiveCfg = Release|Any CPU
		{C78BDD63-66B2-46FF-87A3-F5E9287F985B}.Release|Any CPU.Build.0 = Release|Any CPU
		{D72B9434-F2B7-42DF-8E1A-B78632AFD774}.Debug|Any CPU.ActiveCfg = Debug|Any CPU
		{D72B9434-F2B7-42DF-8E1A-B78632AFD774}.Debug|Any CPU.Build.0 = Debug|Any CPU
		{D72B9434-F2B7-42DF-8E1A-B78632AFD774}.Release|Any CPU.ActiveCfg = Release|Any CPU
		{D72B9434-F2B7-42DF-8E1A-B78632AFD774}.Release|Any CPU.Build.0 = Release|Any CPU
	EndGlobalSection
	GlobalSection(SolutionProperties) = preSolution
		HideSolutionNode = FALSE
	EndGlobalSection
	GlobalSection(ExtensibilityGlobals) = postSolution
		SolutionGuid = {DEC76C06-9118-489E-AC9A-3656A6A90D6B}
	EndGlobalSection
EndGlobal
